
Microsoft Visual Studio Solution File, Format Version 12.00
# Visual Studio 14
VisualStudioVersion = 14.0.25420.1
MinimumVisualStudioVersion = 10.0.40219.1
Project("{FAE04EC0-301F-11D3-BF4B-00C04F79EFBC}") = "IOCPractice", "IOCPractice\IOCPractice.csproj", "{7AFCB72A-BFC3-4494-A1CB-FF60C7F4A5C2}"
EndProject
Project("{FAE04EC0-301F-11D3-BF4B-00C04F79EFBC}") = "IDAL", "IDAL\IDAL.csproj", "{22C3C923-519B-441C-BD5F-DE4D5B3D38CA}"
EndProject
Project("{FAE04EC0-301F-11D3-BF4B-00C04F79EFBC}") = "DAL", "DAL\DAL.csproj", "{55A49D65-928C-4A38-8D56-425721754A62}"
EndProject
Project("{FAE04EC0-301F-11D3-BF4B-00C04F79EFBC}") = "IocAttribute", "IocAttribute\IocAttribute.csproj", "{EEE14E47-B444-48F4-BE37-5BED4A564270}"
EndProject
Project("{2150E333-8FDC-42A3-9474-1A3956D46DE8}") = "Autofac", "Autofac", "{7DEC6BA2-D57A-4B53-A840-9F946BBE6792}"
EndProject
Project("{2150E333-8FDC-42A3-9474-1A3956D46DE8}") = "1.Infrastructure", "1.Infrastructure", "{F872DCD1-FE73-4195-9FBE-1B857BDC5130}"
EndProject
Project("{2150E333-8FDC-42A3-9474-1A3956D46DE8}") = "2.Model", "2.Model", "{8A9385D0-9E99-43F7-85F4-26EB32D7B1C2}"
EndProject
Project("{2150E333-8FDC-42A3-9474-1A3956D46DE8}") = "3.Repository", "3.Repository", "{AF43202F-79CE-47C7-A502-14D43B1B4B53}"
EndProject
Project("{2150E333-8FDC-42A3-9474-1A3956D46DE8}") = "4.Service", "4.Service", "{15DED4B0-4FE2-40E3-85D5-586540C40FE3}"
EndProject
Project("{2150E333-8FDC-42A3-9474-1A3956D46DE8}") = "5.UI", "5.UI", "{409049BA-7856-44D3-B8AA-B1628FEC3A82}"
EndProject
Project("{FAE04EC0-301F-11D3-BF4B-00C04F79EFBC}") = "AutoFacModel", "AutoFacModel\AutoFacModel.csproj", "{7EB88664-C759-4666-9ABF-31FE18C4EF42}"
EndProject
Project("{FAE04EC0-301F-11D3-BF4B-00C04F79EFBC}") = "AutofacRepository", "AutofacRepository\AutofacRepository.csproj", "{D3481FCE-C442-4A11-988B-7E585D90E90E}"
EndProject
Project("{FAE04EC0-301F-11D3-BF4B-00C04F79EFBC}") = "AutofacService", "AutofacService\AutofacService.csproj", "{51FAAEF9-8184-4FF4-8B62-9DA572149E73}"
EndProject
Project("{FAE04EC0-301F-11D3-BF4B-00C04F79EFBC}") = "AutofacIOC", "AutofacIOC\AutofacIOC.csproj", "{FC63FB41-CAC1-442A-B6E2-5CE98E14DAE2}"
EndProject
Project("{FAE04EC0-301F-11D3-BF4B-00C04F79EFBC}") = "AutoFacConsoleApp", "AutoFacConsoleApp\AutoFacConsoleApp.csproj", "{0F0D7B31-C12C-4C27-AC66-F5478B54504A}"
EndProject
Global
	GlobalSection(SolutionConfigurationPlatforms) = preSolution
		Debug|Any CPU = Debug|Any CPU
		Release|Any CPU = Release|Any CPU
	EndGlobalSection
	GlobalSection(ProjectConfigurationPlatforms) = postSolution
		{7AFCB72A-BFC3-4494-A1CB-FF60C7F4A5C2}.Debug|Any CPU.ActiveCfg = Debug|Any CPU
		{7AFCB72A-BFC3-4494-A1CB-FF60C7F4A5C2}.Debug|Any CPU.Build.0 = Debug|Any CPU
		{7AFCB72A-BFC3-4494-A1CB-FF60C7F4A5C2}.Release|Any CPU.ActiveCfg = Release|Any CPU
		{7AFCB72A-BFC3-4494-A1CB-FF60C7F4A5C2}.Release|Any CPU.Build.0 = Release|Any CPU
		{22C3C923-519B-441C-BD5F-DE4D5B3D38CA}.Debug|Any CPU.ActiveCfg = Debug|Any CPU
		{22C3C923-519B-441C-BD5F-DE4D5B3D38CA}.Debug|Any CPU.Build.0 = Debug|Any CPU
		{22C3C923-519B-441C-BD5F-DE4D5B3D38CA}.Release|Any CPU.ActiveCfg = Release|Any CPU
		{22C3C923-519B-441C-BD5F-DE4D5B3D38CA}.Release|Any CPU.Build.0 = Release|Any CPU
		{55A49D65-928C-4A38-8D56-425721754A62}.Debug|Any CPU.ActiveCfg = Debug|Any CPU
		{55A49D65-928C-4A38-8D56-425721754A62}.Debug|Any CPU.Build.0 = Debug|Any CPU
		{55A49D65-928C-4A38-8D56-425721754A62}.Release|Any CPU.ActiveCfg = Release|Any CPU
		{55A49D65-928C-4A38-8D56-425721754A62}.Release|Any CPU.Build.0 = Release|Any CPU
		{EEE14E47-B444-48F4-BE37-5BED4A564270}.Debug|Any CPU.ActiveCfg = Debug|Any CPU
		{EEE14E47-B444-48F4-BE37-5BED4A564270}.Debug|Any CPU.Build.0 = Debug|Any CPU
		{EEE14E47-B444-48F4-BE37-5BED4A564270}.Release|Any CPU.ActiveCfg = Release|Any CPU
		{EEE14E47-B444-48F4-BE37-5BED4A564270}.Release|Any CPU.Build.0 = Release|Any CPU
		{7EB88664-C759-4666-9ABF-31FE18C4EF42}.Debug|Any CPU.ActiveCfg = Debug|Any CPU
		{7EB88664-C759-4666-9ABF-31FE18C4EF42}.Debug|Any CPU.Build.0 = Debug|Any CPU
		{7EB88664-C759-4666-9ABF-31FE18C4EF42}.Release|Any CPU.ActiveCfg = Release|Any CPU
		{7EB88664-C759-4666-9ABF-31FE18C4EF42}.Release|Any CPU.Build.0 = Release|Any CPU
		{D3481FCE-C442-4A11-988B-7E585D90E90E}.Debug|Any CPU.ActiveCfg = Debug|Any CPU
		{D3481FCE-C442-4A11-988B-7E585D90E90E}.Debug|Any CPU.Build.0 = Debug|Any CPU
		{D3481FCE-C442-4A11-988B-7E585D90E90E}.Release|Any CPU.ActiveCfg = Release|Any CPU
		{D3481FCE-C442-4A11-988B-7E585D90E90E}.Release|Any CPU.Build.0 = Release|Any CPU
		{51FAAEF9-8184-4FF4-8B62-9DA572149E73}.Debug|Any CPU.ActiveCfg = Debug|Any CPU
		{51FAAEF9-8184-4FF4-8B62-9DA572149E73}.Debug|Any CPU.Build.0 = Debug|Any CPU
		{51FAAEF9-8184-4FF4-8B62-9DA572149E73}.Release|Any CPU.ActiveCfg = Release|Any CPU
		{51FAAEF9-8184-4FF4-8B62-9DA572149E73}.Release|Any CPU.Build.0 = Release|Any CPU
		{FC63FB41-CAC1-442A-B6E2-5CE98E14DAE2}.Debug|Any CPU.ActiveCfg = Debug|Any CPU
		{FC63FB41-CAC1-442A-B6E2-5CE98E14DAE2}.Debug|Any CPU.Build.0 = Debug|Any CPU
		{FC63FB41-CAC1-442A-B6E2-5CE98E14DAE2}.Release|Any CPU.ActiveCfg = Release|Any CPU
		{FC63FB41-CAC1-442A-B6E2-5CE98E14DAE2}.Release|Any CPU.Build.0 = Release|Any CPU
		{0F0D7B31-C12C-4C27-AC66-F5478B54504A}.Debug|Any CPU.ActiveCfg = Debug|Any CPU
		{0F0D7B31-C12C-4C27-AC66-F5478B54504A}.Debug|Any CPU.Build.0 = Debug|Any CPU
		{0F0D7B31-C12C-4C27-AC66-F5478B54504A}.Release|Any CPU.ActiveCfg = Release|Any CPU
		{0F0D7B31-C12C-4C27-AC66-F5478B54504A}.Release|Any CPU.Build.0 = Release|Any CPU
	EndGlobalSection
	GlobalSection(SolutionProperties) = preSolution
		HideSolutionNode = FALSE
	EndGlobalSection
	GlobalSection(NestedProjects) = preSolution
		{F872DCD1-FE73-4195-9FBE-1B857BDC5130} = {7DEC6BA2-D57A-4B53-A840-9F946BBE6792}
		{8A9385D0-9E99-43F7-85F4-26EB32D7B1C2} = {7DEC6BA2-D57A-4B53-A840-9F946BBE6792}
		{AF43202F-79CE-47C7-A502-14D43B1B4B53} = {7DEC6BA2-D57A-4B53-A840-9F946BBE6792}
		{15DED4B0-4FE2-40E3-85D5-586540C40FE3} = {7DEC6BA2-D57A-4B53-A840-9F946BBE6792}
		{409049BA-7856-44D3-B8AA-B1628FEC3A82} = {7DEC6BA2-D57A-4B53-A840-9F946BBE6792}
		{7EB88664-C759-4666-9ABF-31FE18C4EF42} = {8A9385D0-9E99-43F7-85F4-26EB32D7B1C2}
		{D3481FCE-C442-4A11-988B-7E585D90E90E} = {AF43202F-79CE-47C7-A502-14D43B1B4B53}
		{51FAAEF9-8184-4FF4-8B62-9DA572149E73} = {15DED4B0-4FE2-40E3-85D5-586540C40FE3}
		{FC63FB41-CAC1-442A-B6E2-5CE98E14DAE2} = {F872DCD1-FE73-4195-9FBE-1B857BDC5130}
		{0F0D7B31-C12C-4C27-AC66-F5478B54504A} = {409049BA-7856-44D3-B8AA-B1628FEC3A82}
	EndGlobalSection
	GlobalSection(ExtensibilityGlobals) = postSolution
		SolutionGuid = {BE913380-837F-482E-A8C6-856C034EA130}
	EndGlobalSection
EndGlobal
